
Microsoft Visual Studio Solution File, Format Version 10.00
# Visual Studio 2008
Project("{8BC9CEB8-8B4A-11D0-8D11-00A0C91BC942}") = "LinkToTheGate.c", "LinkToTheGate.c.vcproj", "{FEBAD639-66BB-4169-95BA-F0D1028418F4}"
EndProject
Global
	GlobalSection(SolutionConfigurationPlatforms) = preSolution
		Debug|Win32 = Debug|Win32
		Release|Win32 = Release|Win32
	EndGlobalSection
	GlobalSection(ProjectConfigurationPlatforms) = postSolution
		{FEBAD639-66BB-4169-95BA-F0D1028418F4}.Debug|Win32.ActiveCfg = Debug|Win32
		{FEBAD639-66BB-4169-95BA-F0D1028418F4}.Debug|Win32.Build.0 = Debug|Win32
		{FEBAD639-66BB-4169-95BA-F0D1028418F4}.Release|Win32.ActiveCfg = Release|Win32
		{FEBAD639-66BB-4169-95BA-F0D1028418F4}.Release|Win32.Build.0 = Release|Win32
	EndGlobalSection
	GlobalSection(SolutionProperties) = preSolution
		HideSolutionNode = FALSE
	EndGlobalSection
EndGlobal
